
Microsoft Visual Studio Solution File, Format Version 12.00
# Visual Studio Version 17
VisualStudioVersion = 17.11.35312.102
MinimumVisualStudioVersion = 10.0.40219.1
Project("{FAE04EC0-301F-11D3-BF4B-00C04F79EFBC}") = "5.1", "5.1.csproj", "{8D0493A0-0D1D-4197-A34B-16EE1D092F58}"
EndProject
Project("{FAE04EC0-301F-11D3-BF4B-00C04F79EFBC}") = "5.2", "..\5.2\5.2.csproj", "{F78EACDF-E9D6-4BFD-9888-E86A257750B4}"
EndProject
Project("{FAE04EC0-301F-11D3-BF4B-00C04F79EFBC}") = "5.3", "..\5.3\5.3.csproj", "{9D9D0A96-F05C-4F4D-8D2D-21F4B58F6967}"
EndProject
Global
	GlobalSection(SolutionConfigurationPlatforms) = preSolution
		Debug|Any CPU = Debug|Any CPU
		Release|Any CPU = Release|Any CPU
	EndGlobalSection
	GlobalSection(ProjectConfigurationPlatforms) = postSolution
		{8D0493A0-0D1D-4197-A34B-16EE1D092F58}.Debug|Any CPU.ActiveCfg = Debug|Any CPU
		{8D0493A0-0D1D-4197-A34B-16EE1D092F58}.Debug|Any CPU.Build.0 = Debug|Any CPU
		{8D0493A0-0D1D-4197-A34B-16EE1D092F58}.Release|Any CPU.ActiveCfg = Release|Any CPU
		{8D0493A0-0D1D-4197-A34B-16EE1D092F58}.Release|Any CPU.Build.0 = Release|Any CPU
		{F78EACDF-E9D6-4BFD-9888-E86A257750B4}.Debug|Any CPU.ActiveCfg = Debug|Any CPU
		{F78EACDF-E9D6-4BFD-9888-E86A257750B4}.Debug|Any CPU.Build.0 = Debug|Any CPU
		{F78EACDF-E9D6-4BFD-9888-E86A257750B4}.Release|Any CPU.ActiveCfg = Release|Any CPU
		{F78EACDF-E9D6-4BFD-9888-E86A257750B4}.Release|Any CPU.Build.0 = Release|Any CPU
		{9D9D0A96-F05C-4F4D-8D2D-21F4B58F6967}.Debug|Any CPU.ActiveCfg = Debug|Any CPU
		{9D9D0A96-F05C-4F4D-8D2D-21F4B58F6967}.Debug|Any CPU.Build.0 = Debug|Any CPU
		{9D9D0A96-F05C-4F4D-8D2D-21F4B58F6967}.Release|Any CPU.ActiveCfg = Release|Any CPU
		{9D9D0A96-F05C-4F4D-8D2D-21F4B58F6967}.Release|Any CPU.Build.0 = Release|Any CPU
	EndGlobalSection
	GlobalSection(SolutionProperties) = preSolution
		HideSolutionNode = FALSE
	EndGlobalSection
	GlobalSection(ExtensibilityGlobals) = postSolution
		SolutionGuid = {6C00A393-D605-4C82-B094-FE57E274BEE3}
	EndGlobalSection
EndGlobal
