
Microsoft Visual Studio Solution File, Format Version 12.00
# Visual Studio Version 17
VisualStudioVersion = 17.11.35312.102
MinimumVisualStudioVersion = 10.0.40219.1
Project("{FAE04EC0-301F-11D3-BF4B-00C04F79EFBC}") = "4.1", "4.1.csproj", "{1099521D-D8CF-469B-AFC9-7B64D2EDDF34}"
EndProject
Project("{FAE04EC0-301F-11D3-BF4B-00C04F79EFBC}") = "4.2", "..\4.2\4.2.csproj", "{0160FF41-61A5-4DC4-8A84-7FF3E634661B}"
EndProject
Project("{FAE04EC0-301F-11D3-BF4B-00C04F79EFBC}") = "4.3", "..\4.3\4.3.csproj", "{75A2B9E0-0C50-4650-82F1-A67C55255242}"
EndProject
Global
	GlobalSection(SolutionConfigurationPlatforms) = preSolution
		Debug|Any CPU = Debug|Any CPU
		Release|Any CPU = Release|Any CPU
	EndGlobalSection
	GlobalSection(ProjectConfigurationPlatforms) = postSolution
		{1099521D-D8CF-469B-AFC9-7B64D2EDDF34}.Debug|Any CPU.ActiveCfg = Debug|Any CPU
		{1099521D-D8CF-469B-AFC9-7B64D2EDDF34}.Debug|Any CPU.Build.0 = Debug|Any CPU
		{1099521D-D8CF-469B-AFC9-7B64D2EDDF34}.Release|Any CPU.ActiveCfg = Release|Any CPU
		{1099521D-D8CF-469B-AFC9-7B64D2EDDF34}.Release|Any CPU.Build.0 = Release|Any CPU
		{0160FF41-61A5-4DC4-8A84-7FF3E634661B}.Debug|Any CPU.ActiveCfg = Debug|Any CPU
		{0160FF41-61A5-4DC4-8A84-7FF3E634661B}.Debug|Any CPU.Build.0 = Debug|Any CPU
		{0160FF41-61A5-4DC4-8A84-7FF3E634661B}.Release|Any CPU.ActiveCfg = Release|Any CPU
		{0160FF41-61A5-4DC4-8A84-7FF3E634661B}.Release|Any CPU.Build.0 = Release|Any CPU
		{75A2B9E0-0C50-4650-82F1-A67C55255242}.Debug|Any CPU.ActiveCfg = Debug|Any CPU
		{75A2B9E0-0C50-4650-82F1-A67C55255242}.Debug|Any CPU.Build.0 = Debug|Any CPU
		{75A2B9E0-0C50-4650-82F1-A67C55255242}.Release|Any CPU.ActiveCfg = Release|Any CPU
		{75A2B9E0-0C50-4650-82F1-A67C55255242}.Release|Any CPU.Build.0 = Release|Any CPU
	EndGlobalSection
	GlobalSection(SolutionProperties) = preSolution
		HideSolutionNode = FALSE
	EndGlobalSection
	GlobalSection(ExtensibilityGlobals) = postSolution
		SolutionGuid = {28FDE99D-6722-4FE8-ACB3-1E95BC02CE59}
	EndGlobalSection
EndGlobal
