
Microsoft Visual Studio Solution File, Format Version 12.00
# Visual Studio Version 17
VisualStudioVersion = 17.11.35312.102
MinimumVisualStudioVersion = 10.0.40219.1
Project("{FAE04EC0-301F-11D3-BF4B-00C04F79EFBC}") = "3.1", "3.1.csproj", "{12EEA8B1-FE42-4B5A-9610-B5BB7CCD72EF}"
EndProject
Project("{FAE04EC0-301F-11D3-BF4B-00C04F79EFBC}") = "3.2", "..\3.2\3.2.csproj", "{E162B5F7-78AC-4F96-80E3-5EAC5C3497BC}"
EndProject
Project("{FAE04EC0-301F-11D3-BF4B-00C04F79EFBC}") = "3.3", "..\3.3\3.3.csproj", "{886B535E-90EF-4F53-8C90-FB312C87A556}"
EndProject
Project("{FAE04EC0-301F-11D3-BF4B-00C04F79EFBC}") = "3.4", "..\3.4\3.4.csproj", "{718F1E36-ADF0-4F7D-BD94-872040D0C5AB}"
EndProject
Global
	GlobalSection(SolutionConfigurationPlatforms) = preSolution
		Debug|Any CPU = Debug|Any CPU
		Release|Any CPU = Release|Any CPU
	EndGlobalSection
	GlobalSection(ProjectConfigurationPlatforms) = postSolution
		{12EEA8B1-FE42-4B5A-9610-B5BB7CCD72EF}.Debug|Any CPU.ActiveCfg = Debug|Any CPU
		{12EEA8B1-FE42-4B5A-9610-B5BB7CCD72EF}.Debug|Any CPU.Build.0 = Debug|Any CPU
		{12EEA8B1-FE42-4B5A-9610-B5BB7CCD72EF}.Release|Any CPU.ActiveCfg = Release|Any CPU
		{12EEA8B1-FE42-4B5A-9610-B5BB7CCD72EF}.Release|Any CPU.Build.0 = Release|Any CPU
		{E162B5F7-78AC-4F96-80E3-5EAC5C3497BC}.Debug|Any CPU.ActiveCfg = Debug|Any CPU
		{E162B5F7-78AC-4F96-80E3-5EAC5C3497BC}.Debug|Any CPU.Build.0 = Debug|Any CPU
		{E162B5F7-78AC-4F96-80E3-5EAC5C3497BC}.Release|Any CPU.ActiveCfg = Release|Any CPU
		{E162B5F7-78AC-4F96-80E3-5EAC5C3497BC}.Release|Any CPU.Build.0 = Release|Any CPU
		{886B535E-90EF-4F53-8C90-FB312C87A556}.Debug|Any CPU.ActiveCfg = Debug|Any CPU
		{886B535E-90EF-4F53-8C90-FB312C87A556}.Debug|Any CPU.Build.0 = Debug|Any CPU
		{886B535E-90EF-4F53-8C90-FB312C87A556}.Release|Any CPU.ActiveCfg = Release|Any CPU
		{886B535E-90EF-4F53-8C90-FB312C87A556}.Release|Any CPU.Build.0 = Release|Any CPU
		{718F1E36-ADF0-4F7D-BD94-872040D0C5AB}.Debug|Any CPU.ActiveCfg = Debug|Any CPU
		{718F1E36-ADF0-4F7D-BD94-872040D0C5AB}.Debug|Any CPU.Build.0 = Debug|Any CPU
		{718F1E36-ADF0-4F7D-BD94-872040D0C5AB}.Release|Any CPU.ActiveCfg = Release|Any CPU
		{718F1E36-ADF0-4F7D-BD94-872040D0C5AB}.Release|Any CPU.Build.0 = Release|Any CPU
	EndGlobalSection
	GlobalSection(SolutionProperties) = preSolution
		HideSolutionNode = FALSE
	EndGlobalSection
	GlobalSection(ExtensibilityGlobals) = postSolution
		SolutionGuid = {0F7D14F6-B2C7-488D-A558-4B92E523566A}
	EndGlobalSection
EndGlobal
