
Microsoft Visual Studio Solution File, Format Version 12.00
# Visual Studio Version 17
VisualStudioVersion = 17.11.35312.102
MinimumVisualStudioVersion = 10.0.40219.1
Project("{FAE04EC0-301F-11D3-BF4B-00C04F79EFBC}") = "7.1", "7.1.csproj", "{D6AF9B0C-3820-4570-9851-9AEBFC562663}"
EndProject
Project("{FAE04EC0-301F-11D3-BF4B-00C04F79EFBC}") = "7.2", "..\7.2\7.2.csproj", "{77A8D7EB-557F-4C05-84E0-E83E47E7F0BA}"
EndProject
Project("{FAE04EC0-301F-11D3-BF4B-00C04F79EFBC}") = "7.3", "..\7.3\7.3.csproj", "{9741F25A-A0F6-4D9B-82E8-806D833B9ED2}"
EndProject
Global
	GlobalSection(SolutionConfigurationPlatforms) = preSolution
		Debug|Any CPU = Debug|Any CPU
		Release|Any CPU = Release|Any CPU
	EndGlobalSection
	GlobalSection(ProjectConfigurationPlatforms) = postSolution
		{D6AF9B0C-3820-4570-9851-9AEBFC562663}.Debug|Any CPU.ActiveCfg = Debug|Any CPU
		{D6AF9B0C-3820-4570-9851-9AEBFC562663}.Debug|Any CPU.Build.0 = Debug|Any CPU
		{D6AF9B0C-3820-4570-9851-9AEBFC562663}.Release|Any CPU.ActiveCfg = Release|Any CPU
		{D6AF9B0C-3820-4570-9851-9AEBFC562663}.Release|Any CPU.Build.0 = Release|Any CPU
		{77A8D7EB-557F-4C05-84E0-E83E47E7F0BA}.Debug|Any CPU.ActiveCfg = Debug|Any CPU
		{77A8D7EB-557F-4C05-84E0-E83E47E7F0BA}.Debug|Any CPU.Build.0 = Debug|Any CPU
		{77A8D7EB-557F-4C05-84E0-E83E47E7F0BA}.Release|Any CPU.ActiveCfg = Release|Any CPU
		{77A8D7EB-557F-4C05-84E0-E83E47E7F0BA}.Release|Any CPU.Build.0 = Release|Any CPU
		{9741F25A-A0F6-4D9B-82E8-806D833B9ED2}.Debug|Any CPU.ActiveCfg = Debug|Any CPU
		{9741F25A-A0F6-4D9B-82E8-806D833B9ED2}.Debug|Any CPU.Build.0 = Debug|Any CPU
		{9741F25A-A0F6-4D9B-82E8-806D833B9ED2}.Release|Any CPU.ActiveCfg = Release|Any CPU
		{9741F25A-A0F6-4D9B-82E8-806D833B9ED2}.Release|Any CPU.Build.0 = Release|Any CPU
	EndGlobalSection
	GlobalSection(SolutionProperties) = preSolution
		HideSolutionNode = FALSE
	EndGlobalSection
	GlobalSection(ExtensibilityGlobals) = postSolution
		SolutionGuid = {CC079AE2-47F0-4AD3-9386-073EB0636F35}
	EndGlobalSection
EndGlobal
