
Microsoft Visual Studio Solution File, Format Version 12.00
# Visual Studio Version 17
VisualStudioVersion = 17.11.35312.102
MinimumVisualStudioVersion = 10.0.40219.1
Project("{FAE04EC0-301F-11D3-BF4B-00C04F79EFBC}") = "6.1", "6.1.csproj", "{BAE1D7E6-E313-4AC0-A6E4-21AEEC87D3B1}"
EndProject
Project("{FAE04EC0-301F-11D3-BF4B-00C04F79EFBC}") = "6.2", "..\6.2\6.2.csproj", "{786CC490-78EF-41CA-A079-73C7D95BBF20}"
EndProject
Project("{FAE04EC0-301F-11D3-BF4B-00C04F79EFBC}") = "6.3", "..\6.3\6.3.csproj", "{B194B2AF-8E5B-4020-9465-B9D4B558FF5E}"
EndProject
Global
	GlobalSection(SolutionConfigurationPlatforms) = preSolution
		Debug|Any CPU = Debug|Any CPU
		Release|Any CPU = Release|Any CPU
	EndGlobalSection
	GlobalSection(ProjectConfigurationPlatforms) = postSolution
		{BAE1D7E6-E313-4AC0-A6E4-21AEEC87D3B1}.Debug|Any CPU.ActiveCfg = Debug|Any CPU
		{BAE1D7E6-E313-4AC0-A6E4-21AEEC87D3B1}.Debug|Any CPU.Build.0 = Debug|Any CPU
		{BAE1D7E6-E313-4AC0-A6E4-21AEEC87D3B1}.Release|Any CPU.ActiveCfg = Release|Any CPU
		{BAE1D7E6-E313-4AC0-A6E4-21AEEC87D3B1}.Release|Any CPU.Build.0 = Release|Any CPU
		{786CC490-78EF-41CA-A079-73C7D95BBF20}.Debug|Any CPU.ActiveCfg = Debug|Any CPU
		{786CC490-78EF-41CA-A079-73C7D95BBF20}.Debug|Any CPU.Build.0 = Debug|Any CPU
		{786CC490-78EF-41CA-A079-73C7D95BBF20}.Release|Any CPU.ActiveCfg = Release|Any CPU
		{786CC490-78EF-41CA-A079-73C7D95BBF20}.Release|Any CPU.Build.0 = Release|Any CPU
		{B194B2AF-8E5B-4020-9465-B9D4B558FF5E}.Debug|Any CPU.ActiveCfg = Debug|Any CPU
		{B194B2AF-8E5B-4020-9465-B9D4B558FF5E}.Debug|Any CPU.Build.0 = Debug|Any CPU
		{B194B2AF-8E5B-4020-9465-B9D4B558FF5E}.Release|Any CPU.ActiveCfg = Release|Any CPU
		{B194B2AF-8E5B-4020-9465-B9D4B558FF5E}.Release|Any CPU.Build.0 = Release|Any CPU
	EndGlobalSection
	GlobalSection(SolutionProperties) = preSolution
		HideSolutionNode = FALSE
	EndGlobalSection
	GlobalSection(ExtensibilityGlobals) = postSolution
		SolutionGuid = {70AEA83F-206B-4A94-B22E-005925FAAD5E}
	EndGlobalSection
EndGlobal
